// !$*UTF8*$!
{
	archiveVersion = 1;
	classes = {
	};
	objectVersion = 46;
	objects = {

/* Begin PBXBuildFile section */
		B56125011CEF3CB30067576F /* AppDelegate.swift in Sources */ = {isa = PBXBuildFile; fileRef = B56125001CEF3CB30067576F /* AppDelegate.swift */; };
		B56125081CEF3CB30067576F /* Assets.xcassets in Resources */ = {isa = PBXBuildFile; fileRef = B56125071CEF3CB30067576F /* Assets.xcassets */; };
		B561250B1CEF3CB30067576F /* LaunchScreen.storyboard in Resources */ = {isa = PBXBuildFile; fileRef = B56125091CEF3CB30067576F /* LaunchScreen.storyboard */; };
		B56125161CEF3CB30067576F /* Immink_pset5Tests.swift in Sources */ = {isa = PBXBuildFile; fileRef = B56125151CEF3CB30067576F /* Immink_pset5Tests.swift */; };
		B56125211CEF3CB30067576F /* Immink_pset5UITests.swift in Sources */ = {isa = PBXBuildFile; fileRef = B56125201CEF3CB30067576F /* Immink_pset5UITests.swift */; };
		B5F3D2D91CEF48D8000A9E10 /* ViewController.swift in Sources */ = {isa = PBXBuildFile; fileRef = B5F3D2D71CEF48D8000A9E10 /* ViewController.swift */; };
		B5F3D2DE1CEF49E6000A9E10 /* RandomQuoteController.swift in Sources */ = {isa = PBXBuildFile; fileRef = B5F3D2DD1CEF49E6000A9E10 /* RandomQuoteController.swift */; };
		B5F3D2E01CEF4A18000A9E10 /* FindCharacterController.swift in Sources */ = {isa = PBXBuildFile; fileRef = B5F3D2DF1CEF4A18000A9E10 /* FindCharacterController.swift */; };
		B5F3D2E21CEF4A40000A9E10 /* FindEpisodeController.swift in Sources */ = {isa = PBXBuildFile; fileRef = B5F3D2E11CEF4A40000A9E10 /* FindEpisodeController.swift */; };
		B5F3D2E71CEF67F5000A9E10 /* RandomQuoteShowController.swift in Sources */ = {isa = PBXBuildFile; fileRef = B5F3D2E61CEF67F5000A9E10 /* RandomQuoteShowController.swift */; };
		B5F3D2EA1CF05DF2000A9E10 /* Manager.swift in Sources */ = {isa = PBXBuildFile; fileRef = B5F3D2E91CF05DF2000A9E10 /* Manager.swift */; };
		B5F3E3931CF0F80A001491EE /* FindEpisodeControllerShow.swift in Sources */ = {isa = PBXBuildFile; fileRef = B5F3E3921CF0F80A001491EE /* FindEpisodeControllerShow.swift */; };
		B5F696A71CF0B6FA0032FA5F /* FindCharacterControllerShow.swift in Sources */ = {isa = PBXBuildFile; fileRef = B5F696A61CF0B6FA0032FA5F /* FindCharacterControllerShow.swift */; };
		B5F696AA1CF0EBFC0032FA5F /* Main.storyboard in Resources */ = {isa = PBXBuildFile; fileRef = B5F696A81CF0EBFC0032FA5F /* Main.storyboard */; };
/* End PBXBuildFile section */

/* Begin PBXContainerItemProxy section */
		B56125121CEF3CB30067576F /* PBXContainerItemProxy */ = {
			isa = PBXContainerItemProxy;
			containerPortal = B56124F51CEF3CB20067576F /* Project object */;
			proxyType = 1;
			remoteGlobalIDString = B56124FC1CEF3CB20067576F;
			remoteInfo = "Immink-pset5";
		};
		B561251D1CEF3CB30067576F /* PBXContainerItemProxy */ = {
			isa = PBXContainerItemProxy;
			containerPortal = B56124F51CEF3CB20067576F /* Project object */;
			proxyType = 1;
			remoteGlobalIDString = B56124FC1CEF3CB20067576F;
			remoteInfo = "Immink-pset5";
		};
/* End PBXContainerItemProxy section */

/* Begin PBXFileReference section */
		B56124FD1CEF3CB30067576F /* Immink-pset5.app */ = {isa = PBXFileReference; explicitFileType = wrapper.application; includeInIndex = 0; path = "Immink-pset5.app"; sourceTree = BUILT_PRODUCTS_DIR; };
		B56125001CEF3CB30067576F /* AppDelegate.swift */ = {isa = PBXFileReference; lastKnownFileType = sourcecode.swift; path = AppDelegate.swift; sourceTree = "<group>"; };
		B56125071CEF3CB30067576F /* Assets.xcassets */ = {isa = PBXFileReference; lastKnownFileType = folder.assetcatalog; path = Assets.xcassets; sourceTree = "<group>"; };
		B561250A1CEF3CB30067576F /* Base */ = {isa = PBXFileReference; lastKnownFileType = file.storyboard; name = Base; path = Base.lproj/LaunchScreen.storyboard; sourceTree = "<group>"; };
		B561250C1CEF3CB30067576F /* Info.plist */ = {isa = PBXFileReference; lastKnownFileType = text.plist.xml; path = Info.plist; sourceTree = "<group>"; };
		B56125111CEF3CB30067576F /* Immink-pset5Tests.xctest */ = {isa = PBXFileReference; explicitFileType = wrapper.cfbundle; includeInIndex = 0; path = "Immink-pset5Tests.xctest"; sourceTree = BUILT_PRODUCTS_DIR; };
		B56125151CEF3CB30067576F /* Immink_pset5Tests.swift */ = {isa = PBXFileReference; lastKnownFileType = sourcecode.swift; path = Immink_pset5Tests.swift; sourceTree = "<group>"; };
		B56125171CEF3CB30067576F /* Info.plist */ = {isa = PBXFileReference; lastKnownFileType = text.plist.xml; path = Info.plist; sourceTree = "<group>"; };
		B561251C1CEF3CB30067576F /* Immink-pset5UITests.xctest */ = {isa = PBXFileReference; explicitFileType = wrapper.cfbundle; includeInIndex = 0; path = "Immink-pset5UITests.xctest"; sourceTree = BUILT_PRODUCTS_DIR; };
		B56125201CEF3CB30067576F /* Immink_pset5UITests.swift */ = {isa = PBXFileReference; lastKnownFileType = sourcecode.swift; path = Immink_pset5UITests.swift; sourceTree = "<group>"; };
		B56125221CEF3CB30067576F /* Info.plist */ = {isa = PBXFileReference; lastKnownFileType = text.plist.xml; path = Info.plist; sourceTree = "<group>"; };
		B5F3D2D71CEF48D8000A9E10 /* ViewController.swift */ = {isa = PBXFileReference; fileEncoding = 4; lastKnownFileType = sourcecode.swift; name = ViewController.swift; path = ../../../../../../.Trash/ViewController.swift; sourceTree = "<group>"; };
		B5F3D2DD1CEF49E6000A9E10 /* RandomQuoteController.swift */ = {isa = PBXFileReference; fileEncoding = 4; lastKnownFileType = sourcecode.swift; path = RandomQuoteController.swift; sourceTree = "<group>"; };
		B5F3D2DF1CEF4A18000A9E10 /* FindCharacterController.swift */ = {isa = PBXFileReference; fileEncoding = 4; lastKnownFileType = sourcecode.swift; path = FindCharacterController.swift; sourceTree = "<group>"; };
		B5F3D2E11CEF4A40000A9E10 /* FindEpisodeController.swift */ = {isa = PBXFileReference; fileEncoding = 4; lastKnownFileType = sourcecode.swift; path = FindEpisodeController.swift; sourceTree = "<group>"; };
		B5F3D2E61CEF67F5000A9E10 /* RandomQuoteShowController.swift */ = {isa = PBXFileReference; fileEncoding = 4; lastKnownFileType = sourcecode.swift; path = RandomQuoteShowController.swift; sourceTree = "<group>"; };
		B5F3D2E91CF05DF2000A9E10 /* Manager.swift */ = {isa = PBXFileReference; fileEncoding = 4; lastKnownFileType = sourcecode.swift; path = Manager.swift; sourceTree = "<group>"; };
		B5F3E3921CF0F80A001491EE /* FindEpisodeControllerShow.swift */ = {isa = PBXFileReference; fileEncoding = 4; lastKnownFileType = sourcecode.swift; path = FindEpisodeControllerShow.swift; sourceTree = "<group>"; };
		B5F696A61CF0B6FA0032FA5F /* FindCharacterControllerShow.swift */ = {isa = PBXFileReference; fileEncoding = 4; lastKnownFileType = sourcecode.swift; name = FindCharacterControllerShow.swift; path = ../FindCharacterControllerShow.swift; sourceTree = "<group>"; };
		B5F696A91CF0EBFC0032FA5F /* Base */ = {isa = PBXFileReference; lastKnownFileType = file.storyboard; name = Base; path = Base.lproj/Main.storyboard; sourceTree = "<group>"; };
/* End PBXFileReference section */

/* Begin PBXFrameworksBuildPhase section */
		B56124FA1CEF3CB20067576F /* Frameworks */ = {
			isa = PBXFrameworksBuildPhase;
			buildActionMask = 2147483647;
			files = (
			);
			runOnlyForDeploymentPostprocessing = 0;
		};
		B561250E1CEF3CB30067576F /* Frameworks */ = {
			isa = PBXFrameworksBuildPhase;
			buildActionMask = 2147483647;
			files = (
			);
			runOnlyForDeploymentPostprocessing = 0;
		};
		B56125191CEF3CB30067576F /* Frameworks */ = {
			isa = PBXFrameworksBuildPhase;
			buildActionMask = 2147483647;
			files = (
			);
			runOnlyForDeploymentPostprocessing = 0;
		};
/* End PBXFrameworksBuildPhase section */

/* Begin PBXGroup section */
		B56124F41CEF3CB20067576F = {
			isa = PBXGroup;
			children = (
				B56124FF1CEF3CB30067576F /* Immink-pset5 */,
				B56125141CEF3CB30067576F /* Immink-pset5Tests */,
				B561251F1CEF3CB30067576F /* Immink-pset5UITests */,
				B56124FE1CEF3CB30067576F /* Products */,
			);
			sourceTree = "<group>";
		};
		B56124FE1CEF3CB30067576F /* Products */ = {
			isa = PBXGroup;
			children = (
				B56124FD1CEF3CB30067576F /* Immink-pset5.app */,
				B56125111CEF3CB30067576F /* Immink-pset5Tests.xctest */,
				B561251C1CEF3CB30067576F /* Immink-pset5UITests.xctest */,
			);
			name = Products;
			sourceTree = "<group>";
		};
		B56124FF1CEF3CB30067576F /* Immink-pset5 */ = {
			isa = PBXGroup;
			children = (
				B5F3D2DA1CEF48F3000A9E10 /* Model */,
				B5F3D2DC1CEF4909000A9E10 /* Controller */,
				B5F3D2DB1CEF48FE000A9E10 /* View */,
				B56125071CEF3CB30067576F /* Assets.xcassets */,
				B56125001CEF3CB30067576F /* AppDelegate.swift */,
				B561250C1CEF3CB30067576F /* Info.plist */,
			);
			path = "Immink-pset5";
			sourceTree = "<group>";
		};
		B56125141CEF3CB30067576F /* Immink-pset5Tests */ = {
			isa = PBXGroup;
			children = (
				B56125151CEF3CB30067576F /* Immink_pset5Tests.swift */,
				B56125171CEF3CB30067576F /* Info.plist */,
			);
			path = "Immink-pset5Tests";
			sourceTree = "<group>";
		};
		B561251F1CEF3CB30067576F /* Immink-pset5UITests */ = {
			isa = PBXGroup;
			children = (
				B56125201CEF3CB30067576F /* Immink_pset5UITests.swift */,
				B56125221CEF3CB30067576F /* Info.plist */,
			);
			path = "Immink-pset5UITests";
			sourceTree = "<group>";
		};
		B5F3D2DA1CEF48F3000A9E10 /* Model */ = {
			isa = PBXGroup;
			children = (
				B5F3D2E91CF05DF2000A9E10 /* Manager.swift */,
			);
			name = Model;
			sourceTree = "<group>";
		};
		B5F3D2DB1CEF48FE000A9E10 /* View */ = {
			isa = PBXGroup;
			children = (
				B56125091CEF3CB30067576F /* LaunchScreen.storyboard */,
				B5F696A81CF0EBFC0032FA5F /* Main.storyboard */,
			);
			name = View;
			sourceTree = "<group>";
		};
		B5F3D2DC1CEF4909000A9E10 /* Controller */ = {
			isa = PBXGroup;
			children = (
				B5F3D2D71CEF48D8000A9E10 /* ViewController.swift */,
				B5F3D2E31CEF678F000A9E10 /* RandomQuoteControllers */,
				B5F3D2E51CEF67B9000A9E10 /* FindEpisodeController */,
				B5F3D2E41CEF67A6000A9E10 /* FindCharacterControllers */,
			);
			name = Controller;
			sourceTree = "<group>";
		};
		B5F3D2E31CEF678F000A9E10 /* RandomQuoteControllers */ = {
			isa = PBXGroup;
			children = (
				B5F3D2DD1CEF49E6000A9E10 /* RandomQuoteController.swift */,
				B5F3D2E61CEF67F5000A9E10 /* RandomQuoteShowController.swift */,
			);
			name = RandomQuoteControllers;
			sourceTree = "<group>";
		};
		B5F3D2E41CEF67A6000A9E10 /* FindCharacterControllers */ = {
			isa = PBXGroup;
			children = (
				B5F3D2DF1CEF4A18000A9E10 /* FindCharacterController.swift */,
				B5F696A61CF0B6FA0032FA5F /* FindCharacterControllerShow.swift */,
			);
			name = FindCharacterControllers;
			sourceTree = "<group>";
		};
		B5F3D2E51CEF67B9000A9E10 /* FindEpisodeController */ = {
			isa = PBXGroup;
			children = (
				B5F3D2E11CEF4A40000A9E10 /* FindEpisodeController.swift */,
				B5F3E3921CF0F80A001491EE /* FindEpisodeControllerShow.swift */,
			);
			name = FindEpisodeController;
			sourceTree = "<group>";
		};
/* End PBXGroup section */

/* Begin PBXNativeTarget section */
		B56124FC1CEF3CB20067576F /* Immink-pset5 */ = {
			isa = PBXNativeTarget;
			buildConfigurationList = B56125251CEF3CB30067576F /* Build configuration list for PBXNativeTarget "Immink-pset5" */;
			buildPhases = (
				B56124F91CEF3CB20067576F /* Sources */,
				B56124FA1CEF3CB20067576F /* Frameworks */,
				B56124FB1CEF3CB20067576F /* Resources */,
			);
			buildRules = (
			);
			dependencies = (
			);
			name = "Immink-pset5";
			productName = "Immink-pset5";
			productReference = B56124FD1CEF3CB30067576F /* Immink-pset5.app */;
			productType = "com.apple.product-type.application";
		};
		B56125101CEF3CB30067576F /* Immink-pset5Tests */ = {
			isa = PBXNativeTarget;
			buildConfigurationList = B56125281CEF3CB30067576F /* Build configuration list for PBXNativeTarget "Immink-pset5Tests" */;
			buildPhases = (
				B561250D1CEF3CB30067576F /* Sources */,
				B561250E1CEF3CB30067576F /* Frameworks */,
				B561250F1CEF3CB30067576F /* Resources */,
			);
			buildRules = (
			);
			dependencies = (
				B56125131CEF3CB30067576F /* PBXTargetDependency */,
			);
			name = "Immink-pset5Tests";
			productName = "Immink-pset5Tests";
			productReference = B56125111CEF3CB30067576F /* Immink-pset5Tests.xctest */;
			productType = "com.apple.product-type.bundle.unit-test";
		};
		B561251B1CEF3CB30067576F /* Immink-pset5UITests */ = {
			isa = PBXNativeTarget;
			buildConfigurationList = B561252B1CEF3CB30067576F /* Build configuration list for PBXNativeTarget "Immink-pset5UITests" */;
			buildPhases = (
				B56125181CEF3CB30067576F /* Sources */,
				B56125191CEF3CB30067576F /* Frameworks */,
				B561251A1CEF3CB30067576F /* Resources */,
			);
			buildRules = (
			);
			dependencies = (
				B561251E1CEF3CB30067576F /* PBXTargetDependency */,
			);
			name = "Immink-pset5UITests";
			productName = "Immink-pset5UITests";
			productReference = B561251C1CEF3CB30067576F /* Immink-pset5UITests.xctest */;
			productType = "com.apple.product-type.bundle.ui-testing";
		};
/* End PBXNativeTarget section */

/* Begin PBXProject section */
		B56124F51CEF3CB20067576F /* Project object */ = {
			isa = PBXProject;
			attributes = {
				LastSwiftUpdateCheck = 0730;
				LastUpgradeCheck = 0730;
				ORGANIZATIONNAME = "Emma Immink";
				TargetAttributes = {
					B56124FC1CEF3CB20067576F = {
						CreatedOnToolsVersion = 7.3;
					};
					B56125101CEF3CB30067576F = {
						CreatedOnToolsVersion = 7.3;
						TestTargetID = B56124FC1CEF3CB20067576F;
					};
					B561251B1CEF3CB30067576F = {
						CreatedOnToolsVersion = 7.3;
						TestTargetID = B56124FC1CEF3CB20067576F;
					};
				};
			};
			buildConfigurationList = B56124F81CEF3CB20067576F /* Build configuration list for PBXProject "Immink-pset5" */;
			compatibilityVersion = "Xcode 3.2";
			developmentRegion = English;
			hasScannedForEncodings = 0;
			knownRegions = (
				en,
				Base,
			);
			mainGroup = B56124F41CEF3CB20067576F;
			productRefGroup = B56124FE1CEF3CB30067576F /* Products */;
			projectDirPath = "";
			projectRoot = "";
			targets = (
				B56124FC1CEF3CB20067576F /* Immink-pset5 */,
				B56125101CEF3CB30067576F /* Immink-pset5Tests */,
				B561251B1CEF3CB30067576F /* Immink-pset5UITests */,
			);
		};
/* End PBXProject section */

/* Begin PBXResourcesBuildPhase section */
		B56124FB1CEF3CB20067576F /* Resources */ = {
			isa = PBXResourcesBuildPhase;
			buildActionMask = 2147483647;
			files = (
				B5F696AA1CF0EBFC0032FA5F /* Main.storyboard in Resources */,
				B561250B1CEF3CB30067576F /* LaunchScreen.storyboard in Resources */,
				B56125081CEF3CB30067576F /* Assets.xcassets in Resources */,
			);
			runOnlyForDeploymentPostprocessing = 0;
		};
		B561250F1CEF3CB30067576F /* Resources */ = {
			isa = PBXResourcesBuildPhase;
			buildActionMask = 2147483647;
			files = (
			);
			runOnlyForDeploymentPostprocessing = 0;
		};
		B561251A1CEF3CB30067576F /* Resources */ = {
			isa = PBXResourcesBuildPhase;
			buildActionMask = 2147483647;
			files = (
			);
			runOnlyForDeploymentPostprocessing = 0;
		};
/* End PBXResourcesBuildPhase section */

/* Begin PBXSourcesBuildPhase section */
		B56124F91CEF3CB20067576F /* Sources */ = {
			isa = PBXSourcesBuildPhase;
			buildActionMask = 2147483647;
			files = (
				B5F3D2D91CEF48D8000A9E10 /* ViewController.swift in Sources */,
				B5F3D2DE1CEF49E6000A9E10 /* RandomQuoteController.swift in Sources */,
				B5F3E3931CF0F80A001491EE /* FindEpisodeControllerShow.swift in Sources */,
				B5F3D2E71CEF67F5000A9E10 /* RandomQuoteShowController.swift in Sources */,
				B5F3D2E21CEF4A40000A9E10 /* FindEpisodeController.swift in Sources */,
				B5F3D2EA1CF05DF2000A9E10 /* Manager.swift in Sources */,
				B5F696A71CF0B6FA0032FA5F /* FindCharacterControllerShow.swift in Sources */,
				B5F3D2E01CEF4A18000A9E10 /* FindCharacterController.swift in Sources */,
				B56125011CEF3CB30067576F /* AppDelegate.swift in Sources */,
			);
			runOnlyForDeploymentPostprocessing = 0;
		};
		B561250D1CEF3CB30067576F /* Sources */ = {
			isa = PBXSourcesBuildPhase;
			buildActionMask = 2147483647;
			files = (
				B56125161CEF3CB30067576F /* Immink_pset5Tests.swift in Sources */,
			);
			runOnlyForDeploymentPostprocessing = 0;
		};
		B56125181CEF3CB30067576F /* Sources */ = {
			isa = PBXSourcesBuildPhase;
			buildActionMask = 2147483647;
			files = (
				B56125211CEF3CB30067576F /* Immink_pset5UITests.swift in Sources */,
			);
			runOnlyForDeploymentPostprocessing = 0;
		};
/* End PBXSourcesBuildPhase section */

/* Begin PBXTargetDependency section */
		B56125131CEF3CB30067576F /* PBXTargetDependency */ = {
			isa = PBXTargetDependency;
			target = B56124FC1CEF3CB20067576F /* Immink-pset5 */;
			targetProxy = B56125121CEF3CB30067576F /* PBXContainerItemProxy */;
		};
		B561251E1CEF3CB30067576F /* PBXTargetDependency */ = {
			isa = PBXTargetDependency;
			target = B56124FC1CEF3CB20067576F /* Immink-pset5 */;
			targetProxy = B561251D1CEF3CB30067576F /* PBXContainerItemProxy */;
		};
/* End PBXTargetDependency section */

/* Begin PBXVariantGroup section */
		B56125091CEF3CB30067576F /* LaunchScreen.storyboard */ = {
			isa = PBXVariantGroup;
			children = (
				B561250A1CEF3CB30067576F /* Base */,
			);
			name = LaunchScreen.storyboard;
			sourceTree = "<group>";
		};
		B5F696A81CF0EBFC0032FA5F /* Main.storyboard */ = {
			isa = PBXVariantGroup;
			children = (
				B5F696A91CF0EBFC0032FA5F /* Base */,
			);
			name = Main.storyboard;
			sourceTree = "<group>";
		};
/* End PBXVariantGroup section */

/* Begin XCBuildConfiguration section */
		B56125231CEF3CB30067576F /* Debug */ = {
			isa = XCBuildConfiguration;
			buildSettings = {
				ALWAYS_SEARCH_USER_PATHS = NO;
				CLANG_ANALYZER_NONNULL = YES;
				CLANG_CXX_LANGUAGE_STANDARD = "gnu++0x";
				CLANG_CXX_LIBRARY = "libc++";
				CLANG_ENABLE_MODULES = YES;
				CLANG_ENABLE_OBJC_ARC = YES;
				CLANG_WARN_BOOL_CONVERSION = YES;
				CLANG_WARN_CONSTANT_CONVERSION = YES;
				CLANG_WARN_DIRECT_OBJC_ISA_USAGE = YES_ERROR;
				CLANG_WARN_EMPTY_BODY = YES;
				CLANG_WARN_ENUM_CONVERSION = YES;
				CLANG_WARN_INT_CONVERSION = YES;
				CLANG_WARN_OBJC_ROOT_CLASS = YES_ERROR;
				CLANG_WARN_UNREACHABLE_CODE = YES;
				CLANG_WARN__DUPLICATE_METHOD_MATCH = YES;
				"CODE_SIGN_IDENTITY[sdk=iphoneos*]" = "iPhone Developer";
				COPY_PHASE_STRIP = NO;
				DEBUG_INFORMATION_FORMAT = dwarf;
				ENABLE_STRICT_OBJC_MSGSEND = YES;
				ENABLE_TESTABILITY = YES;
				GCC_C_LANGUAGE_STANDARD = gnu99;
				GCC_DYNAMIC_NO_PIC = NO;
				GCC_NO_COMMON_BLOCKS = YES;
				GCC_OPTIMIZATION_LEVEL = 0;
				GCC_PREPROCESSOR_DEFINITIONS = (
					"DEBUG=1",
					"$(inherited)",
				);
				GCC_WARN_64_TO_32_BIT_CONVERSION = YES;
				GCC_WARN_ABOUT_RETURN_TYPE = YES_ERROR;
				GCC_WARN_UNDECLARED_SELECTOR = YES;
				GCC_WARN_UNINITIALIZED_AUTOS = YES_AGGRESSIVE;
				GCC_WARN_UNUSED_FUNCTION = YES;
				GCC_WARN_UNUSED_VARIABLE = YES;
				IPHONEOS_DEPLOYMENT_TARGET = 9.3;
				MTL_ENABLE_DEBUG_INFO = YES;
				ONLY_ACTIVE_ARCH = YES;
				SDKROOT = iphoneos;
				SWIFT_OPTIMIZATION_LEVEL = "-Onone";
				TARGETED_DEVICE_FAMILY = "1,2";
			};
			name = Debug;
		};
		B56125241CEF3CB30067576F /* Release */ = {
			isa = XCBuildConfiguration;
			buildSettings = {
				ALWAYS_SEARCH_USER_PATHS = NO;
				CLANG_ANALYZER_NONNULL = YES;
				CLANG_CXX_LANGUAGE_STANDARD = "gnu++0x";
				CLANG_CXX_LIBRARY = "libc++";
				CLANG_ENABLE_MODULES = YES;
				CLANG_ENABLE_OBJC_ARC = YES;
				CLANG_WARN_BOOL_CONVERSION = YES;
				CLANG_WARN_CONSTANT_CONVERSION = YES;
				CLANG_WARN_DIRECT_OBJC_ISA_USAGE = YES_ERROR;
				CLANG_WARN_EMPTY_BODY = YES;
				CLANG_WARN_ENUM_CONVERSION = YES;
				CLANG_WARN_INT_CONVERSION = YES;
				CLANG_WARN_OBJC_ROOT_CLASS = YES_ERROR;
				CLANG_WARN_UNREACHABLE_CODE = YES;
				CLANG_WARN__DUPLICATE_METHOD_MATCH = YES;
				"CODE_SIGN_IDENTITY[sdk=iphoneos*]" = "iPhone Developer";
				COPY_PHASE_STRIP = NO;
				DEBUG_INFORMATION_FORMAT = "dwarf-with-dsym";
				ENABLE_NS_ASSERTIONS = NO;
				ENABLE_STRICT_OBJC_MSGSEND = YES;
				GCC_C_LANGUAGE_STANDARD = gnu99;
				GCC_NO_COMMON_BLOCKS = YES;
				GCC_WARN_64_TO_32_BIT_CONVERSION = YES;
				GCC_WARN_ABOUT_RETURN_TYPE = YES_ERROR;
				GCC_WARN_UNDECLARED_SELECTOR = YES;
				GCC_WARN_UNINITIALIZED_AUTOS = YES_AGGRESSIVE;
				GCC_WARN_UNUSED_FUNCTION = YES;
				GCC_WARN_UNUSED_VARIABLE = YES;
				IPHONEOS_DEPLOYMENT_TARGET = 9.3;
				MTL_ENABLE_DEBUG_INFO = NO;
				SDKROOT = iphoneos;
				TARGETED_DEVICE_FAMILY = "1,2";
				VALIDATE_PRODUCT = YES;
			};
			name = Release;
		};
		B56125261CEF3CB30067576F /* Debug */ = {
			isa = XCBuildConfiguration;
			buildSettings = {
				ASSETCATALOG_COMPILER_APPICON_NAME = AppIcon;
				INFOPLIST_FILE = "Immink-pset5/Info.plist";
				LD_RUNPATH_SEARCH_PATHS = "$(inherited) @executable_path/Frameworks";
				PRODUCT_BUNDLE_IDENTIFIER = "nl.mprog.Immink-pset5";
				PRODUCT_NAME = "$(TARGET_NAME)";
			};
			name = Debug;
		};
		B56125271CEF3CB30067576F /* Release */ = {
			isa = XCBuildConfiguration;
			buildSettings = {
				ASSETCATALOG_COMPILER_APPICON_NAME = AppIcon;
				INFOPLIST_FILE = "Immink-pset5/Info.plist";
				LD_RUNPATH_SEARCH_PATHS = "$(inherited) @executable_path/Frameworks";
				PRODUCT_BUNDLE_IDENTIFIER = "nl.mprog.Immink-pset5";
				PRODUCT_NAME = "$(TARGET_NAME)";
			};
			name = Release;
		};
		B56125291CEF3CB30067576F /* Debug */ = {
			isa = XCBuildConfiguration;
			buildSettings = {
				BUNDLE_LOADER = "$(TEST_HOST)";
				INFOPLIST_FILE = "Immink-pset5Tests/Info.plist";
				LD_RUNPATH_SEARCH_PATHS = "$(inherited) @executable_path/Frameworks @loader_path/Frameworks";
				PRODUCT_BUNDLE_IDENTIFIER = "nl.mprog.Immink-pset5Tests";
				PRODUCT_NAME = "$(TARGET_NAME)";
				TEST_HOST = "$(BUILT_PRODUCTS_DIR)/Immink-pset5.app/Immink-pset5";
			};
			name = Debug;
		};
		B561252A1CEF3CB30067576F /* Release */ = {
			isa = XCBuildConfiguration;
			buildSettings = {
				BUNDLE_LOADER = "$(TEST_HOST)";
				INFOPLIST_FILE = "Immink-pset5Tests/Info.plist";
				LD_RUNPATH_SEARCH_PATHS = "$(inherited) @executable_path/Frameworks @loader_path/Frameworks";
				PRODUCT_BUNDLE_IDENTIFIER = "nl.mprog.Immink-pset5Tests";
				PRODUCT_NAME = "$(TARGET_NAME)";
				TEST_HOST = "$(BUILT_PRODUCTS_DIR)/Immink-pset5.app/Immink-pset5";
			};
			name = Release;
		};
		B561252C1CEF3CB30067576F /* Debug */ = {
			isa = XCBuildConfiguration;
			buildSettings = {
				INFOPLIST_FILE = "Immink-pset5UITests/Info.plist";
				LD_RUNPATH_SEARCH_PATHS = "$(inherited) @executable_path/Frameworks @loader_path/Frameworks";
				PRODUCT_BUNDLE_IDENTIFIER = "nl.mprog.Immink-pset5UITests";
				PRODUCT_NAME = "$(TARGET_NAME)";
				TEST_TARGET_NAME = "Immink-pset5";
			};
			name = Debug;
		};
		B561252D1CEF3CB30067576F /* Release */ = {
			isa = XCBuildConfiguration;
			buildSettings = {
				INFOPLIST_FILE = "Immink-pset5UITests/Info.plist";
				LD_RUNPATH_SEARCH_PATHS = "$(inherited) @executable_path/Frameworks @loader_path/Frameworks";
				PRODUCT_BUNDLE_IDENTIFIER = "nl.mprog.Immink-pset5UITests";
				PRODUCT_NAME = "$(TARGET_NAME)";
				TEST_TARGET_NAME = "Immink-pset5";
			};
			name = Release;
		};
/* End XCBuildConfiguration section */

/* Begin XCConfigurationList section */
		B56124F81CEF3CB20067576F /* Build configuration list for PBXProject "Immink-pset5" */ = {
			isa = XCConfigurationList;
			buildConfigurations = (
				B56125231CEF3CB30067576F /* Debug */,
				B56125241CEF3CB30067576F /* Release */,
			);
			defaultConfigurationIsVisible = 0;
			defaultConfigurationName = Release;
		};
		B56125251CEF3CB30067576F /* Build configuration list for PBXNativeTarget "Immink-pset5" */ = {
			isa = XCConfigurationList;
			buildConfigurations = (
				B56125261CEF3CB30067576F /* Debug */,
				B56125271CEF3CB30067576F /* Release */,
			);
			defaultConfigurationIsVisible = 0;
			defaultConfigurationName = Release;
		};
		B56125281CEF3CB30067576F /* Build configuration list for PBXNativeTarget "Immink-pset5Tests" */ = {
			isa = XCConfigurationList;
			buildConfigurations = (
				B56125291CEF3CB30067576F /* Debug */,
				B561252A1CEF3CB30067576F /* Release */,
			);
			defaultConfigurationIsVisible = 0;
			defaultConfigurationName = Release;
		};
		B561252B1CEF3CB30067576F /* Build configuration list for PBXNativeTarget "Immink-pset5UITests" */ = {
			isa = XCConfigurationList;
			buildConfigurations = (
				B561252C1CEF3CB30067576F /* Debug */,
				B561252D1CEF3CB30067576F /* Release */,
			);
			defaultConfigurationIsVisible = 0;
			defaultConfigurationName = Release;
		};
/* End XCConfigurationList section */
	};
	rootObject = B56124F51CEF3CB20067576F /* Project object */;
}
